
Microsoft Visual Studio Solution File, Format Version 12.00
# Visual Studio 15
Project("{FAE04EC0-301F-11D3-BF4B-00C04F79EFBC}") = "FoodStorage", "FoodStorage\FoodStorage\FoodStorage.csproj", "{1E38B6D8-DA7D-4E71-8EBD-50516241A309}"
EndProject
Project("{2150E333-8FDC-42A3-9474-1A3956D46DE8}") = "FoodStorage", "FoodStorage", "{30C2451F-024F-4A6B-9E9E-89BBBEDF055E}"
EndProject
Project("{FAE04EC0-301F-11D3-BF4B-00C04F79EFBC}") = "FoodStorageTest", "FoodStorage\FoodStorageTest\FoodStorageTest.csproj", "{B5F9E191-2D59-4B4C-B5D1-3AB5AD9D5648}"
EndProject
Global
	GlobalSection(SolutionConfigurationPlatforms) = preSolution
		Debug|Any CPU = Debug|Any CPU
		Release|Any CPU = Release|Any CPU
	EndGlobalSection
	GlobalSection(ProjectConfigurationPlatforms) = postSolution
		{1E38B6D8-DA7D-4E71-8EBD-50516241A309}.Debug|Any CPU.ActiveCfg = Debug|Any CPU
		{1E38B6D8-DA7D-4E71-8EBD-50516241A309}.Debug|Any CPU.Build.0 = Debug|Any CPU
		{1E38B6D8-DA7D-4E71-8EBD-50516241A309}.Release|Any CPU.ActiveCfg = Release|Any CPU
		{1E38B6D8-DA7D-4E71-8EBD-50516241A309}.Release|Any CPU.Build.0 = Release|Any CPU
		{B5F9E191-2D59-4B4C-B5D1-3AB5AD9D5648}.Debug|Any CPU.ActiveCfg = Debug|Any CPU
		{B5F9E191-2D59-4B4C-B5D1-3AB5AD9D5648}.Debug|Any CPU.Build.0 = Debug|Any CPU
		{B5F9E191-2D59-4B4C-B5D1-3AB5AD9D5648}.Release|Any CPU.ActiveCfg = Release|Any CPU
		{B5F9E191-2D59-4B4C-B5D1-3AB5AD9D5648}.Release|Any CPU.Build.0 = Release|Any CPU
	EndGlobalSection
	GlobalSection(NestedProjects) = preSolution
		{1E38B6D8-DA7D-4E71-8EBD-50516241A309} = {30C2451F-024F-4A6B-9E9E-89BBBEDF055E}
		{B5F9E191-2D59-4B4C-B5D1-3AB5AD9D5648} = {30C2451F-024F-4A6B-9E9E-89BBBEDF055E}
	EndGlobalSection
EndGlobal
